
Microsoft Visual Studio Solution File, Format Version 12.00
# Visual Studio Version 17
VisualStudioVersion = 17.1.32421.90
MinimumVisualStudioVersion = 10.0.40219.1
Project("{FAE04EC0-301F-11D3-BF4B-00C04F79EFBC}") = "XRSolutions", "XRSolutions\XRSolutions.csproj", "{5F6E4519-3409-443B-874E-F6E2C9EAAD6D}"
EndProject
Global
	GlobalSection(SolutionConfigurationPlatforms) = preSolution
		Debug|Any CPU = Debug|Any CPU
		Release|Any CPU = Release|Any CPU
	EndGlobalSection
	GlobalSection(ProjectConfigurationPlatforms) = postSolution
		{5F6E4519-3409-443B-874E-F6E2C9EAAD6D}.Debug|Any CPU.ActiveCfg = Debug|Any CPU
		{5F6E4519-3409-443B-874E-F6E2C9EAAD6D}.Debug|Any CPU.Build.0 = Debug|Any CPU
		{5F6E4519-3409-443B-874E-F6E2C9EAAD6D}.Release|Any CPU.ActiveCfg = Release|Any CPU
		{5F6E4519-3409-443B-874E-F6E2C9EAAD6D}.Release|Any CPU.Build.0 = Release|Any CPU
	EndGlobalSection
	GlobalSection(SolutionProperties) = preSolution
		HideSolutionNode = FALSE
	EndGlobalSection
	GlobalSection(ExtensibilityGlobals) = postSolution
		SolutionGuid = {27D9391D-CF80-4ED6-B939-9C9B638A6D83}
	EndGlobalSection
EndGlobal
